
Microsoft Visual Studio Solution File, Format Version 12.00
# Visual Studio Version 17
VisualStudioVersion = 17.11.35222.181
MinimumVisualStudioVersion = 10.0.40219.1
Project("{FAE04EC0-301F-11D3-BF4B-00C04F79EFBC}") = "Assignment1", "Assignment1\Assignment1.csproj", "{98892461-23B1-4BB2-9B51-AC2FD4C6329C}"
EndProject
Global
	GlobalSection(SolutionConfigurationPlatforms) = preSolution
		Debug|Any CPU = Debug|Any CPU
		Release|Any CPU = Release|Any CPU
	EndGlobalSection
	GlobalSection(ProjectConfigurationPlatforms) = postSolution
		{98892461-23B1-4BB2-9B51-AC2FD4C6329C}.Debug|Any CPU.ActiveCfg = Debug|Any CPU
		{98892461-23B1-4BB2-9B51-AC2FD4C6329C}.Debug|Any CPU.Build.0 = Debug|Any CPU
		{98892461-23B1-4BB2-9B51-AC2FD4C6329C}.Release|Any CPU.ActiveCfg = Release|Any CPU
		{98892461-23B1-4BB2-9B51-AC2FD4C6329C}.Release|Any CPU.Build.0 = Release|Any CPU
	EndGlobalSection
	GlobalSection(SolutionProperties) = preSolution
		HideSolutionNode = FALSE
	EndGlobalSection
	GlobalSection(ExtensibilityGlobals) = postSolution
		SolutionGuid = {D64C647D-0888-49BF-99C3-8F928891911F}
	EndGlobalSection
EndGlobal
