
Microsoft Visual Studio Solution File, Format Version 12.00
# Visual Studio Version 17
VisualStudioVersion = 17.11.35222.181
MinimumVisualStudioVersion = 10.0.40219.1
Project("{FAE04EC0-301F-11D3-BF4B-00C04F79EFBC}") = "C# Assignment 2", "C# Assignment 2\C# Assignment 2.csproj", "{F493B4F1-69F9-4E0C-9076-01914D4063F6}"
EndProject
Global
	GlobalSection(SolutionConfigurationPlatforms) = preSolution
		Debug|Any CPU = Debug|Any CPU
		Release|Any CPU = Release|Any CPU
	EndGlobalSection
	GlobalSection(ProjectConfigurationPlatforms) = postSolution
		{F493B4F1-69F9-4E0C-9076-01914D4063F6}.Debug|Any CPU.ActiveCfg = Debug|Any CPU
		{F493B4F1-69F9-4E0C-9076-01914D4063F6}.Debug|Any CPU.Build.0 = Debug|Any CPU
		{F493B4F1-69F9-4E0C-9076-01914D4063F6}.Release|Any CPU.ActiveCfg = Release|Any CPU
		{F493B4F1-69F9-4E0C-9076-01914D4063F6}.Release|Any CPU.Build.0 = Release|Any CPU
	EndGlobalSection
	GlobalSection(SolutionProperties) = preSolution
		HideSolutionNode = FALSE
	EndGlobalSection
	GlobalSection(ExtensibilityGlobals) = postSolution
		SolutionGuid = {B3CC5C92-A0D6-4862-A15F-CBF5E7F544A2}
	EndGlobalSection
EndGlobal
